
Microsoft Visual Studio Solution File, Format Version 12.00
# Visual Studio Version 17
VisualStudioVersion = 17.4.33213.308
MinimumVisualStudioVersion = 10.0.40219.1
Project("{FAE04EC0-301F-11D3-BF4B-00C04F79EFBC}") = "AutomationAPI", "AutomationAPI\AutomationAPI.csproj", "{FC08975B-40F7-433C-ABE8-E8FE4DD5D5FC}"
EndProject
Global
	GlobalSection(SolutionConfigurationPlatforms) = preSolution
		Debug|Any CPU = Debug|Any CPU
		Release|Any CPU = Release|Any CPU
	EndGlobalSection
	GlobalSection(ProjectConfigurationPlatforms) = postSolution
		{FC08975B-40F7-433C-ABE8-E8FE4DD5D5FC}.Debug|Any CPU.ActiveCfg = Debug|Any CPU
		{FC08975B-40F7-433C-ABE8-E8FE4DD5D5FC}.Debug|Any CPU.Build.0 = Debug|Any CPU
		{FC08975B-40F7-433C-ABE8-E8FE4DD5D5FC}.Release|Any CPU.ActiveCfg = Release|Any CPU
		{FC08975B-40F7-433C-ABE8-E8FE4DD5D5FC}.Release|Any CPU.Build.0 = Release|Any CPU
	EndGlobalSection
	GlobalSection(SolutionProperties) = preSolution
		HideSolutionNode = FALSE
	EndGlobalSection
	GlobalSection(ExtensibilityGlobals) = postSolution
		SolutionGuid = {DB5D8040-CBD2-4111-94EB-1C653F63EDC0}
	EndGlobalSection
EndGlobal
